
Microsoft Visual Studio Solution File, Format Version 12.00
# Visual Studio Version 17
VisualStudioVersion = 17.5.002.0
MinimumVisualStudioVersion = 10.0.40219.1
Project("{9A19103F-16F7-4668-BE54-9A1E7A4F7556}") = "habit-tracker", "habit-tracker\habit-tracker.csproj", "{4878F877-2AEA-4181-AEDE-717CC0786753}"
EndProject
Global
	GlobalSection(SolutionConfigurationPlatforms) = preSolution
		Debug|Any CPU = Debug|Any CPU
		Release|Any CPU = Release|Any CPU
	EndGlobalSection
	GlobalSection(ProjectConfigurationPlatforms) = postSolution
		{4878F877-2AEA-4181-AEDE-717CC0786753}.Debug|Any CPU.ActiveCfg = Debug|Any CPU
		{4878F877-2AEA-4181-AEDE-717CC0786753}.Debug|Any CPU.Build.0 = Debug|Any CPU
		{4878F877-2AEA-4181-AEDE-717CC0786753}.Release|Any CPU.ActiveCfg = Release|Any CPU
		{4878F877-2AEA-4181-AEDE-717CC0786753}.Release|Any CPU.Build.0 = Release|Any CPU
	EndGlobalSection
	GlobalSection(SolutionProperties) = preSolution
		HideSolutionNode = FALSE
	EndGlobalSection
	GlobalSection(ExtensibilityGlobals) = postSolution
		SolutionGuid = {22670055-C9C5-4B0D-99B8-61E0CD9A430B}
	EndGlobalSection
EndGlobal
